
Microsoft Visual Studio Solution File, Format Version 12.00
# Visual Studio Version 17
VisualStudioVersion = 17.6.33829.357
MinimumVisualStudioVersion = 15.0.26124.0
Project("{9A19103F-16F7-4668-BE54-9A1E7A4F7556}") = "DFC.Api.AppRegistry", "DFC.Api.AppRegistry\DFC.Api.AppRegistry.csproj", "{E5160D3E-46F2-4384-8C57-078251EB776E}"
EndProject
Project("{9A19103F-16F7-4668-BE54-9A1E7A4F7556}") = "DFC.Api.AppRegistry.UnitTests", "DFC.Api.AppRegistry.UnitTests\DFC.Api.AppRegistry.UnitTests.csproj", "{471E5567-3F89-4F41-BC17-98FA00091150}"
EndProject
Project("{2150E333-8FDC-42A3-9474-1A3956D46DE8}") = "_Solution Items", "_Solution Items", "{81C77B25-9D95-4600-925B-BA592E9DB410}"
	ProjectSection(SolutionItems) = preProject
		.gitignore = .gitignore
		CODEOWNERS = CODEOWNERS
		DFC.Digital.CodeAnalysis.ruleset = DFC.Digital.CodeAnalysis.ruleset
		LICENSE = LICENSE
		README.md = README.md
		stylecop.json = stylecop.json
		UnitTests.CodeAnalysis.ruleset = UnitTests.CodeAnalysis.ruleset
	EndProjectSection
EndProject
Global
	GlobalSection(SolutionConfigurationPlatforms) = preSolution
		Debug|Any CPU = Debug|Any CPU
		Debug|x64 = Debug|x64
		Debug|x86 = Debug|x86
		Release|Any CPU = Release|Any CPU
		Release|x64 = Release|x64
		Release|x86 = Release|x86
	EndGlobalSection
	GlobalSection(ProjectConfigurationPlatforms) = postSolution
		{E5160D3E-46F2-4384-8C57-078251EB776E}.Debug|Any CPU.ActiveCfg = Debug|Any CPU
		{E5160D3E-46F2-4384-8C57-078251EB776E}.Debug|Any CPU.Build.0 = Debug|Any CPU
		{E5160D3E-46F2-4384-8C57-078251EB776E}.Debug|x64.ActiveCfg = Debug|Any CPU
		{E5160D3E-46F2-4384-8C57-078251EB776E}.Debug|x64.Build.0 = Debug|Any CPU
		{E5160D3E-46F2-4384-8C57-078251EB776E}.Debug|x86.ActiveCfg = Debug|Any CPU
		{E5160D3E-46F2-4384-8C57-078251EB776E}.Debug|x86.Build.0 = Debug|Any CPU
		{E5160D3E-46F2-4384-8C57-078251EB776E}.Release|Any CPU.ActiveCfg = Release|Any CPU
		{E5160D3E-46F2-4384-8C57-078251EB776E}.Release|Any CPU.Build.0 = Release|Any CPU
		{E5160D3E-46F2-4384-8C57-078251EB776E}.Release|x64.ActiveCfg = Release|Any CPU
		{E5160D3E-46F2-4384-8C57-078251EB776E}.Release|x64.Build.0 = Release|Any CPU
		{E5160D3E-46F2-4384-8C57-078251EB776E}.Release|x86.ActiveCfg = Release|Any CPU
		{E5160D3E-46F2-4384-8C57-078251EB776E}.Release|x86.Build.0 = Release|Any CPU
		{471E5567-3F89-4F41-BC17-98FA00091150}.Debug|Any CPU.ActiveCfg = Debug|Any CPU
		{471E5567-3F89-4F41-BC17-98FA00091150}.Debug|x64.ActiveCfg = Debug|Any CPU
		{471E5567-3F89-4F41-BC17-98FA00091150}.Debug|x64.Build.0 = Debug|Any CPU
		{471E5567-3F89-4F41-BC17-98FA00091150}.Debug|x86.ActiveCfg = Debug|Any CPU
		{471E5567-3F89-4F41-BC17-98FA00091150}.Debug|x86.Build.0 = Debug|Any CPU
		{471E5567-3F89-4F41-BC17-98FA00091150}.Release|Any CPU.ActiveCfg = Release|Any CPU
		{471E5567-3F89-4F41-BC17-98FA00091150}.Release|Any CPU.Build.0 = Release|Any CPU
		{471E5567-3F89-4F41-BC17-98FA00091150}.Release|x64.ActiveCfg = Release|Any CPU
		{471E5567-3F89-4F41-BC17-98FA00091150}.Release|x64.Build.0 = Release|Any CPU
		{471E5567-3F89-4F41-BC17-98FA00091150}.Release|x86.ActiveCfg = Release|Any CPU
		{471E5567-3F89-4F41-BC17-98FA00091150}.Release|x86.Build.0 = Release|Any CPU
	EndGlobalSection
	GlobalSection(SolutionProperties) = preSolution
		HideSolutionNode = FALSE
	EndGlobalSection
	GlobalSection(ExtensibilityGlobals) = postSolution
		SolutionGuid = {6B53CDC9-52E4-4681-83CD-BB94FDC1269C}
	EndGlobalSection
EndGlobal
